// !$*UTF8*$!
{
	archiveVersion = 1;
	classes = {
	};
	objectVersion = 46;
	objects = {

/* Begin PBXBuildFile section */
		2B3CA2364F027EFE488B38A4 /* Assets.xcassets in Resources */ = {isa = PBXBuildFile; fileRef = 2B3CA01625768C7320087EA1 /* Assets.xcassets */; };
		2B3CA240DBA90EF4CDF9D758 /* LaunchScreen.storyboard in Resources */ = {isa = PBXBuildFile; fileRef = 2B3CACC23AC07B88B7B2352C /* LaunchScreen.storyboard */; };
		2B3CA5B390F2E36056EEF035 /* Main.storyboard in Resources */ = {isa = PBXBuildFile; fileRef = 2B3CA1361C5AAD20E82CF832 /* Main.storyboard */; };
		2B3CA7CE1D609FCD01B10817 /* AppDelegate.m in Sources */ = {isa = PBXBuildFile; fileRef = 2B3CA22E27C3F9A70C993EB4 /* AppDelegate.m */; };
		2B3CA9CE2C8ABD3EC49ED7B0 /* main.m in Sources */ = {isa = PBXBuildFile; fileRef = 2B3CAC965B8DB4919FD72744 /* main.m */; };
		2B3CAADAC400F79A3F356CFD /* ViewController.m in Sources */ = {isa = PBXBuildFile; fileRef = 2B3CAB0FAC225B46B2ED83BF /* ViewController.m */; };
		E04FFE8D1A8D9162644F138C /* libPods-pod_local_test.a in Frameworks */ = {isa = PBXBuildFile; fileRef = 3305780B08CDED6BCA69B681 /* libPods-pod_local_test.a */; };
/* End PBXBuildFile section */

/* Begin PBXFileReference section */
		01952B15FE9368C59650BE35 /* Pods-pod_local_test.release.xcconfig */ = {isa = PBXFileReference; includeInIndex = 1; lastKnownFileType = text.xcconfig; name = "Pods-pod_local_test.release.xcconfig"; path = "Pods/Target Support Files/Pods-pod_local_test/Pods-pod_local_test.release.xcconfig"; sourceTree = "<group>"; };
		2B3CA01625768C7320087EA1 /* Assets.xcassets */ = {isa = PBXFileReference; lastKnownFileType = folder.assetcatalog; path = Assets.xcassets; sourceTree = "<group>"; };
		2B3CA11E8EFE88054544E9FE /* pod_local_test.app */ = {isa = PBXFileReference; explicitFileType = wrapper.application; includeInIndex = 0; path = pod_local_test.app; sourceTree = BUILT_PRODUCTS_DIR; };
		2B3CA22E27C3F9A70C993EB4 /* AppDelegate.m */ = {isa = PBXFileReference; lastKnownFileType = sourcecode.c.objc; path = AppDelegate.m; sourceTree = "<group>"; };
		2B3CA44187B244EBF5068D5C /* AppDelegate.h */ = {isa = PBXFileReference; lastKnownFileType = sourcecode.c.h; path = AppDelegate.h; sourceTree = "<group>"; };
		2B3CA4F605A37344E78F7988 /* ViewController.h */ = {isa = PBXFileReference; lastKnownFileType = sourcecode.c.h; path = ViewController.h; sourceTree = "<group>"; };
		2B3CA8684F12F834C4D8E0C9 /* Base */ = {isa = PBXFileReference; lastKnownFileType = file.storyboard; name = Base; path = Base.lproj/LaunchScreen.storyboard; sourceTree = "<group>"; };
		2B3CAB0FAC225B46B2ED83BF /* ViewController.m */ = {isa = PBXFileReference; lastKnownFileType = sourcecode.c.objc; path = ViewController.m; sourceTree = "<group>"; };
		2B3CAC965B8DB4919FD72744 /* main.m */ = {isa = PBXFileReference; lastKnownFileType = sourcecode.c.objc; path = main.m; sourceTree = "<group>"; };
		2B3CACC33DBFF8AA80DE0E09 /* Info.plist */ = {isa = PBXFileReference; lastKnownFileType = text.plist.info; path = Info.plist; sourceTree = "<group>"; };
		2B3CAE1257CAF50E9CE45E96 /* Base */ = {isa = PBXFileReference; lastKnownFileType = file.storyboard; name = Base; path = Base.lproj/Main.storyboard; sourceTree = "<group>"; };
		3305780B08CDED6BCA69B681 /* libPods-pod_local_test.a */ = {isa = PBXFileReference; explicitFileType = archive.ar; includeInIndex = 0; path = "libPods-pod_local_test.a"; sourceTree = BUILT_PRODUCTS_DIR; };
		415B867EFE5727AF7531C4D0 /* Pods-pod_local_test.debug.xcconfig */ = {isa = PBXFileReference; includeInIndex = 1; lastKnownFileType = text.xcconfig; name = "Pods-pod_local_test.debug.xcconfig"; path = "Pods/Target Support Files/Pods-pod_local_test/Pods-pod_local_test.debug.xcconfig"; sourceTree = "<group>"; };
/* End PBXFileReference section */

/* Begin PBXFrameworksBuildPhase section */
		2B3CA12617A8D836BFFE93E6 /* Frameworks */ = {
			isa = PBXFrameworksBuildPhase;
			buildActionMask = 2147483647;
			files = (
				E04FFE8D1A8D9162644F138C /* libPods-pod_local_test.a in Frameworks */,
			);
			runOnlyForDeploymentPostprocessing = 0;
		};
/* End PBXFrameworksBuildPhase section */

/* Begin PBXGroup section */
		11E718038F6DA22243FEFCDA /* Pods */ = {
			isa = PBXGroup;
			children = (
				415B867EFE5727AF7531C4D0 /* Pods-pod_local_test.debug.xcconfig */,
				01952B15FE9368C59650BE35 /* Pods-pod_local_test.release.xcconfig */,
			);
			name = Pods;
			sourceTree = "<group>";
		};
		2B3CA106C5E7BB15ABBC9D29 /* pod_local_test */ = {
			isa = PBXGroup;
			children = (
				2B3CACC33DBFF8AA80DE0E09 /* Info.plist */,
				2B3CA01625768C7320087EA1 /* Assets.xcassets */,
				2B3CACC23AC07B88B7B2352C /* LaunchScreen.storyboard */,
				2B3CAF7D14B81A9422FB9425 /* Supporting Files */,
				2B3CA44187B244EBF5068D5C /* AppDelegate.h */,
				2B3CA22E27C3F9A70C993EB4 /* AppDelegate.m */,
				2B3CA1361C5AAD20E82CF832 /* Main.storyboard */,
				2B3CA4F605A37344E78F7988 /* ViewController.h */,
				2B3CAB0FAC225B46B2ED83BF /* ViewController.m */,
			);
			path = pod_local_test;
			sourceTree = "<group>";
		};
		2B3CAF7D14B81A9422FB9425 /* Supporting Files */ = {
			isa = PBXGroup;
			children = (
				2B3CAC965B8DB4919FD72744 /* main.m */,
			);
			name = "Supporting Files";
			sourceTree = "<group>";
		};
		2B3CAFD25E8B36EBF1D66568 = {
			isa = PBXGroup;
			children = (
				2B3CAFE5E158A66637D326FA /* Products */,
				2B3CA106C5E7BB15ABBC9D29 /* pod_local_test */,
				11E718038F6DA22243FEFCDA /* Pods */,
				C420305C19F4775CD270A8B1 /* Frameworks */,
			);
			sourceTree = "<group>";
		};
		2B3CAFE5E158A66637D326FA /* Products */ = {
			isa = PBXGroup;
			children = (
				2B3CA11E8EFE88054544E9FE /* pod_local_test.app */,
			);
			name = Products;
			sourceTree = "<group>";
		};
		C420305C19F4775CD270A8B1 /* Frameworks */ = {
			isa = PBXGroup;
			children = (
				3305780B08CDED6BCA69B681 /* libPods-pod_local_test.a */,
			);
			name = Frameworks;
			sourceTree = "<group>";
		};
/* End PBXGroup section */

/* Begin PBXNativeTarget section */
		2B3CA5C977A5E344BEC741B7 /* pod_local_test */ = {
			isa = PBXNativeTarget;
			buildConfigurationList = 2B3CAD9F79AE5EA4F31E1F80 /* Build configuration list for PBXNativeTarget "pod_local_test" */;
			buildPhases = (
				0AC6B09DCCED5744E3468E70 /* [CP] Check Pods Manifest.lock */,
				2B3CA8A34B0B96E95D67443B /* Sources */,
				2B3CA12617A8D836BFFE93E6 /* Frameworks */,
				2B3CAAEB7BCE971F5F809B59 /* Resources */,
				CF82653AF34078B0FEBF9B9C /* [CP] Embed Pods Frameworks */,
				30DDB51DA7E3562E73F3B56B /* [CP] Copy Pods Resources */,
			);
			buildRules = (
			);
			dependencies = (
			);
			name = pod_local_test;
			productName = pod_local_test;
			productReference = 2B3CA11E8EFE88054544E9FE /* pod_local_test.app */;
			productType = "com.apple.product-type.application";
		};
/* End PBXNativeTarget section */

/* Begin PBXProject section */
		2B3CA117C3BEFE502743C6FA /* Project object */ = {
			isa = PBXProject;
			attributes = {
				ORGANIZATIONNAME = ___FULLUSERNAME___;
			};
			buildConfigurationList = 2B3CA82FCAD400013CD44337 /* Build configuration list for PBXProject "pod_local_test" */;
			compatibilityVersion = "Xcode 3.2";
			developmentRegion = English;
			hasScannedForEncodings = 0;
			knownRegions = (
				en,
			);
			mainGroup = 2B3CAFD25E8B36EBF1D66568;
			productRefGroup = 2B3CAFE5E158A66637D326FA /* Products */;
			projectDirPath = "";
			projectRoot = "";
			targets = (
				2B3CA5C977A5E344BEC741B7 /* pod_local_test */,
			);
		};
/* End PBXProject section */

/* Begin PBXResourcesBuildPhase section */
		2B3CAAEB7BCE971F5F809B59 /* Resources */ = {
			isa = PBXResourcesBuildPhase;
			buildActionMask = 2147483647;
			files = (
				2B3CA2364F027EFE488B38A4 /* Assets.xcassets in Resources */,
				2B3CA240DBA90EF4CDF9D758 /* LaunchScreen.storyboard in Resources */,
				2B3CA5B390F2E36056EEF035 /* Main.storyboard in Resources */,
			);
			runOnlyForDeploymentPostprocessing = 0;
		};
/* End PBXResourcesBuildPhase section */

/* Begin PBXShellScriptBuildPhase section */
		0AC6B09DCCED5744E3468E70 /* [CP] Check Pods Manifest.lock */ = {
			isa = PBXShellScriptBuildPhase;
			buildActionMask = 2147483647;
			files = (
			);
			inputPaths = (
			);
			name = "[CP] Check Pods Manifest.lock";
			outputPaths = (
			);
			runOnlyForDeploymentPostprocessing = 0;
			shellPath = /bin/sh;
			shellScript = "diff \"${PODS_PODFILE_DIR_PATH}/Podfile.lock\" \"${PODS_ROOT}/Manifest.lock\" > /dev/null\nif [ $? != 0 ] ; then\n    # print error to STDERR\n    echo \"error: The sandbox is not in sync with the Podfile.lock. Run 'pod install' or update your CocoaPods installation.\" >&2\n    exit 1\nfi\n";
			showEnvVarsInLog = 0;
		};
		30DDB51DA7E3562E73F3B56B /* [CP] Copy Pods Resources */ = {
			isa = PBXShellScriptBuildPhase;
			buildActionMask = 2147483647;
			files = (
			);
			inputPaths = (
			);
			name = "[CP] Copy Pods Resources";
			outputPaths = (
			);
			runOnlyForDeploymentPostprocessing = 0;
			shellPath = /bin/sh;
			shellScript = "\"${SRCROOT}/Pods/Target Support Files/Pods-pod_local_test/Pods-pod_local_test-resources.sh\"\n";
			showEnvVarsInLog = 0;
		};
		CF82653AF34078B0FEBF9B9C /* [CP] Embed Pods Frameworks */ = {
			isa = PBXShellScriptBuildPhase;
			buildActionMask = 2147483647;
			files = (
			);
			inputPaths = (
			);
			name = "[CP] Embed Pods Frameworks";
			outputPaths = (
			);
			runOnlyForDeploymentPostprocessing = 0;
			shellPath = /bin/sh;
			shellScript = "\"${SRCROOT}/Pods/Target Support Files/Pods-pod_local_test/Pods-pod_local_test-frameworks.sh\"\n";
			showEnvVarsInLog = 0;
		};
/* End PBXShellScriptBuildPhase section */

/* Begin PBXSourcesBuildPhase section */
		2B3CA8A34B0B96E95D67443B /* Sources */ = {
			isa = PBXSourcesBuildPhase;
			buildActionMask = 2147483647;
			files = (
				2B3CA9CE2C8ABD3EC49ED7B0 /* main.m in Sources */,
				2B3CA7CE1D609FCD01B10817 /* AppDelegate.m in Sources */,
				2B3CAADAC400F79A3F356CFD /* ViewController.m in Sources */,
			);
			runOnlyForDeploymentPostprocessing = 0;
		};
/* End PBXSourcesBuildPhase section */

/* Begin PBXVariantGroup section */
		2B3CA1361C5AAD20E82CF832 /* Main.storyboard */ = {
			isa = PBXVariantGroup;
			children = (
				2B3CAE1257CAF50E9CE45E96 /* Base */,
			);
			name = Main.storyboard;
			sourceTree = "<group>";
		};
		2B3CACC23AC07B88B7B2352C /* LaunchScreen.storyboard */ = {
			isa = PBXVariantGroup;
			children = (
				2B3CA8684F12F834C4D8E0C9 /* Base */,
			);
			name = LaunchScreen.storyboard;
			sourceTree = "<group>";
		};
/* End PBXVariantGroup section */

/* Begin XCBuildConfiguration section */
		2B3CA1A16E165F883C1E82E3 /* Release */ = {
			isa = XCBuildConfiguration;
			buildSettings = {
				ALWAYS_SEARCH_USER_PATHS = NO;
				CLANG_ANALYZER_NONNULL = YES;
				CLANG_ANALYZER_NUMBER_OBJECT_CONVERSION = YES_AGGRESSIVE;
				CLANG_CXX_LANGUAGE_STANDARD = "gnu++0x";
				CLANG_CXX_LIBRARY = "libc++";
				CLANG_ENABLE_MODULES = YES;
				CLANG_ENABLE_OBJC_ARC = YES;
				CLANG_WARN_BOOL_CONVERSION = YES;
				CLANG_WARN_CONSTANT_CONVERSION = YES;
				CLANG_WARN_DIRECT_OBJC_ISA_USAGE = YES_ERROR;
				CLANG_WARN_DOCUMENTATION_COMMENTS = YES;
				CLANG_WARN_EMPTY_BODY = YES;
				CLANG_WARN_ENUM_CONVERSION = YES;
				CLANG_WARN_INFINITE_RECURSION = YES;
				CLANG_WARN_INT_CONVERSION = YES;
				CLANG_WARN_OBJC_ROOT_CLASS = YES_ERROR;
				CLANG_WARN_SUSPICIOUS_MOVE = YES;
				CLANG_WARN_UNREACHABLE_CODE = YES;
				CLANG_WARN__DUPLICATE_METHOD_MATCH = YES;
				"CODE_SIGN_IDENTITY[sdk=iphoneos*]" = "iPhone Developer";
				COPY_PHASE_STRIP = NO;
				DEBUG_INFORMATION_FORMAT = "dwarf-with-dsym";
				ENABLE_NS_ASSERTIONS = NO;
				ENABLE_STRICT_OBJC_MSGSEND = YES;
				GCC_C_LANGUAGE_STANDARD = gnu99;
				GCC_NO_COMMON_BLOCKS = YES;
				GCC_WARN_64_TO_32_BIT_CONVERSION = YES;
				GCC_WARN_ABOUT_RETURN_TYPE = YES_ERROR;
				GCC_WARN_UNDECLARED_SELECTOR = YES;
				GCC_WARN_UNINITIALIZED_AUTOS = YES_AGGRESSIVE;
				GCC_WARN_UNUSED_FUNCTION = YES;
				GCC_WARN_UNUSED_VARIABLE = YES;
				IPHONEOS_DEPLOYMENT_TARGET = 10.3;
				MTL_ENABLE_DEBUG_INFO = NO;
				SDKROOT = iphoneos;
				TARGETED_DEVICE_FAMILY = "1,2";
				VALIDATE_PRODUCT = YES;
			};
			name = Release;
		};
		2B3CA65E7A7D681CE6DA4C34 /* Release */ = {
			isa = XCBuildConfiguration;
			baseConfigurationReference = 01952B15FE9368C59650BE35 /* Pods-pod_local_test.release.xcconfig */;
			buildSettings = {
				ASSETCATALOG_COMPILER_APPICON_NAME = AppIcon;
				INFOPLIST_FILE = pod_local_test/Info.plist;
				LD_RUNPATH_SEARCH_PATHS = "$(inherited) @executable_path/Frameworks";
				PRODUCT_BUNDLE_IDENTIFIER = "alibaba.pod-local-test";
				PRODUCT_NAME = "$(TARGET_NAME)";
			};
			name = Release;
		};
		2B3CA6C003C339934FFC8B63 /* Debug */ = {
			isa = XCBuildConfiguration;
			buildSettings = {
				ALWAYS_SEARCH_USER_PATHS = NO;
				CLANG_ANALYZER_NONNULL = YES;
				CLANG_ANALYZER_NUMBER_OBJECT_CONVERSION = YES_AGGRESSIVE;
				CLANG_CXX_LANGUAGE_STANDARD = "gnu++0x";
				CLANG_CXX_LIBRARY = "libc++";
				CLANG_ENABLE_MODULES = YES;
				CLANG_ENABLE_OBJC_ARC = YES;
				CLANG_WARN_BOOL_CONVERSION = YES;
				CLANG_WARN_CONSTANT_CONVERSION = YES;
				CLANG_WARN_DIRECT_OBJC_ISA_USAGE = YES_ERROR;
				CLANG_WARN_DOCUMENTATION_COMMENTS = YES;
				CLANG_WARN_EMPTY_BODY = YES;
				CLANG_WARN_ENUM_CONVERSION = YES;
				CLANG_WARN_INFINITE_RECURSION = YES;
				CLANG_WARN_INT_CONVERSION = YES;
				CLANG_WARN_OBJC_ROOT_CLASS = YES_ERROR;
				CLANG_WARN_SUSPICIOUS_MOVE = YES;
				CLANG_WARN_UNREACHABLE_CODE = YES;
				CLANG_WARN__DUPLICATE_METHOD_MATCH = YES;
				"CODE_SIGN_IDENTITY[sdk=iphoneos*]" = "iPhone Developer";
				COPY_PHASE_STRIP = NO;
				DEBUG_INFORMATION_FORMAT = dwarf;
				ENABLE_STRICT_OBJC_MSGSEND = YES;
				ENABLE_TESTABILITY = YES;
				GCC_C_LANGUAGE_STANDARD = gnu99;
				GCC_DYNAMIC_NO_PIC = NO;
				GCC_NO_COMMON_BLOCKS = YES;
				GCC_OPTIMIZATION_LEVEL = 0;
				GCC_PREPROCESSOR_DEFINITIONS = (
					"DEBUG=1",
					"$(inherited)",
				);
				GCC_WARN_64_TO_32_BIT_CONVERSION = YES;
				GCC_WARN_ABOUT_RETURN_TYPE = YES_ERROR;
				GCC_WARN_UNDECLARED_SELECTOR = YES;
				GCC_WARN_UNINITIALIZED_AUTOS = YES_AGGRESSIVE;
				GCC_WARN_UNUSED_FUNCTION = YES;
				GCC_WARN_UNUSED_VARIABLE = YES;
				IPHONEOS_DEPLOYMENT_TARGET = 10.3;
				MTL_ENABLE_DEBUG_INFO = YES;
				ONLY_ACTIVE_ARCH = YES;
				SDKROOT = iphoneos;
				TARGETED_DEVICE_FAMILY = "1,2";
			};
			name = Debug;
		};
		2B3CA7E8460E0CA276967AD6 /* Debug */ = {
			isa = XCBuildConfiguration;
			baseConfigurationReference = 415B867EFE5727AF7531C4D0 /* Pods-pod_local_test.debug.xcconfig */;
			buildSettings = {
				ASSETCATALOG_COMPILER_APPICON_NAME = AppIcon;
				INFOPLIST_FILE = pod_local_test/Info.plist;
				LD_RUNPATH_SEARCH_PATHS = "$(inherited) @executable_path/Frameworks";
				PRODUCT_BUNDLE_IDENTIFIER = "alibaba.pod-local-test";
				PRODUCT_NAME = "$(TARGET_NAME)";
			};
			name = Debug;
		};
/* End XCBuildConfiguration section */

/* Begin XCConfigurationList section */
		2B3CA82FCAD400013CD44337 /* Build configuration list for PBXProject "pod_local_test" */ = {
			isa = XCConfigurationList;
			buildConfigurations = (
				2B3CA6C003C339934FFC8B63 /* Debug */,
				2B3CA1A16E165F883C1E82E3 /* Release */,
			);
			defaultConfigurationIsVisible = 0;
			defaultConfigurationName = Release;
		};
		2B3CAD9F79AE5EA4F31E1F80 /* Build configuration list for PBXNativeTarget "pod_local_test" */ = {
			isa = XCConfigurationList;
			buildConfigurations = (
				2B3CA7E8460E0CA276967AD6 /* Debug */,
				2B3CA65E7A7D681CE6DA4C34 /* Release */,
			);
			defaultConfigurationIsVisible = 0;
		};
/* End XCConfigurationList section */
	};
	rootObject = 2B3CA117C3BEFE502743C6FA /* Project object */;
}
